// !$*UTF8*$!
{
	archiveVersion = 1;
	classes = {
	};
	objectVersion = 48;
	objects = {

/* Begin PBXBuildFile section */
		8A8A13F91FE690E100BC1213 /* AppDelegate.swift in Sources */ = {isa = PBXBuildFile; fileRef = 8A8A13F81FE690E100BC1213 /* AppDelegate.swift */; };
		8A8A13FB1FE690E100BC1213 /* ViewController.swift in Sources */ = {isa = PBXBuildFile; fileRef = 8A8A13FA1FE690E100BC1213 /* ViewController.swift */; };
		8A8A13FE1FE690E100BC1213 /* Main.storyboard in Resources */ = {isa = PBXBuildFile; fileRef = 8A8A13FC1FE690E100BC1213 /* Main.storyboard */; };
		8A8A14001FE690E100BC1213 /* Assets.xcassets in Resources */ = {isa = PBXBuildFile; fileRef = 8A8A13FF1FE690E100BC1213 /* Assets.xcassets */; };
		8A8A14031FE690E100BC1213 /* LaunchScreen.storyboard in Resources */ = {isa = PBXBuildFile; fileRef = 8A8A14011FE690E100BC1213 /* LaunchScreen.storyboard */; };
		8AC36BDA1FF910DC0023C336 /* TabBarStoryboard.storyboard in Resources */ = {isa = PBXBuildFile; fileRef = 8AC36BD91FF910DC0023C336 /* TabBarStoryboard.storyboard */; };
		8AC36BDC1FF9115F0023C336 /* TabBarViewController.swift in Sources */ = {isa = PBXBuildFile; fileRef = 8AC36BDB1FF9115F0023C336 /* TabBarViewController.swift */; };
		8AF01CC01FE9289A0065559D /* MemeObject.swift in Sources */ = {isa = PBXBuildFile; fileRef = 8AF01CBF1FE9289A0065559D /* MemeObject.swift */; };
		8AFCA0771FF92104005DEC95 /* TableViewMemesViewController.swift in Sources */ = {isa = PBXBuildFile; fileRef = 8AFCA0761FF92104005DEC95 /* TableViewMemesViewController.swift */; };
		8AFCA0791FF95BE4005DEC95 /* CollectionViewController.swift in Sources */ = {isa = PBXBuildFile; fileRef = 8AFCA0781FF95BE4005DEC95 /* CollectionViewController.swift */; };
		8AFCA07D1FF9708E005DEC95 /* Cell.swift in Sources */ = {isa = PBXBuildFile; fileRef = 8AFCA07C1FF9708E005DEC95 /* Cell.swift */; };
		8AFCA07F1FFAA852005DEC95 /* DetailsStoryboard.storyboard in Resources */ = {isa = PBXBuildFile; fileRef = 8AFCA07E1FFAA852005DEC95 /* DetailsStoryboard.storyboard */; };
		8AFCA0811FFAA87F005DEC95 /* DetailsViewController.swift in Sources */ = {isa = PBXBuildFile; fileRef = 8AFCA0801FFAA87F005DEC95 /* DetailsViewController.swift */; };
/* End PBXBuildFile section */

/* Begin PBXFileReference section */
		8A8A13F51FE690E100BC1213 /* memeGenerator.app */ = {isa = PBXFileReference; explicitFileType = wrapper.application; includeInIndex = 0; path = memeGenerator.app; sourceTree = BUILT_PRODUCTS_DIR; };
		8A8A13F81FE690E100BC1213 /* AppDelegate.swift */ = {isa = PBXFileReference; lastKnownFileType = sourcecode.swift; path = AppDelegate.swift; sourceTree = "<group>"; };
		8A8A13FA1FE690E100BC1213 /* ViewController.swift */ = {isa = PBXFileReference; lastKnownFileType = sourcecode.swift; path = ViewController.swift; sourceTree = "<group>"; };
		8A8A13FD1FE690E100BC1213 /* Base */ = {isa = PBXFileReference; lastKnownFileType = file.storyboard; name = Base; path = Base.lproj/Main.storyboard; sourceTree = "<group>"; };
		8A8A13FF1FE690E100BC1213 /* Assets.xcassets */ = {isa = PBXFileReference; lastKnownFileType = folder.assetcatalog; path = Assets.xcassets; sourceTree = "<group>"; };
		8A8A14021FE690E100BC1213 /* Base */ = {isa = PBXFileReference; lastKnownFileType = file.storyboard; name = Base; path = Base.lproj/LaunchScreen.storyboard; sourceTree = "<group>"; };
		8A8A14041FE690E100BC1213 /* Info.plist */ = {isa = PBXFileReference; lastKnownFileType = text.plist.xml; path = Info.plist; sourceTree = "<group>"; };
		8AC36BD91FF910DC0023C336 /* TabBarStoryboard.storyboard */ = {isa = PBXFileReference; lastKnownFileType = file.storyboard; path = TabBarStoryboard.storyboard; sourceTree = "<group>"; };
		8AC36BDB1FF9115F0023C336 /* TabBarViewController.swift */ = {isa = PBXFileReference; lastKnownFileType = sourcecode.swift; path = TabBarViewController.swift; sourceTree = "<group>"; };
		8AF01CBF1FE9289A0065559D /* MemeObject.swift */ = {isa = PBXFileReference; lastKnownFileType = sourcecode.swift; path = MemeObject.swift; sourceTree = "<group>"; };
		8AFCA0761FF92104005DEC95 /* TableViewMemesViewController.swift */ = {isa = PBXFileReference; lastKnownFileType = sourcecode.swift; path = TableViewMemesViewController.swift; sourceTree = "<group>"; };
		8AFCA0781FF95BE4005DEC95 /* CollectionViewController.swift */ = {isa = PBXFileReference; lastKnownFileType = sourcecode.swift; path = CollectionViewController.swift; sourceTree = "<group>"; };
		8AFCA07C1FF9708E005DEC95 /* Cell.swift */ = {isa = PBXFileReference; lastKnownFileType = sourcecode.swift; path = Cell.swift; sourceTree = "<group>"; };
		8AFCA07E1FFAA852005DEC95 /* DetailsStoryboard.storyboard */ = {isa = PBXFileReference; lastKnownFileType = file.storyboard; path = DetailsStoryboard.storyboard; sourceTree = "<group>"; };
		8AFCA0801FFAA87F005DEC95 /* DetailsViewController.swift */ = {isa = PBXFileReference; lastKnownFileType = sourcecode.swift; path = DetailsViewController.swift; sourceTree = "<group>"; };
/* End PBXFileReference section */

/* Begin PBXFrameworksBuildPhase section */
		8A8A13F21FE690E100BC1213 /* Frameworks */ = {
			isa = PBXFrameworksBuildPhase;
			buildActionMask = 2147483647;
			files = (
			);
			runOnlyForDeploymentPostprocessing = 0;
		};
/* End PBXFrameworksBuildPhase section */

/* Begin PBXGroup section */
		8A8A13EC1FE690E100BC1213 = {
			isa = PBXGroup;
			children = (
				8A8A13F71FE690E100BC1213 /* memeGenerator */,
				8A8A13F61FE690E100BC1213 /* Products */,
			);
			sourceTree = "<group>";
		};
		8A8A13F61FE690E100BC1213 /* Products */ = {
			isa = PBXGroup;
			children = (
				8A8A13F51FE690E100BC1213 /* memeGenerator.app */,
			);
			name = Products;
			sourceTree = "<group>";
		};
		8A8A13F71FE690E100BC1213 /* memeGenerator */ = {
			isa = PBXGroup;
			children = (
				8A8A13F81FE690E100BC1213 /* AppDelegate.swift */,
				8A8A13FA1FE690E100BC1213 /* ViewController.swift */,
				8AF01CBF1FE9289A0065559D /* MemeObject.swift */,
				8A8A13FC1FE690E100BC1213 /* Main.storyboard */,
				8AC36BD91FF910DC0023C336 /* TabBarStoryboard.storyboard */,
				8AFCA07E1FFAA852005DEC95 /* DetailsStoryboard.storyboard */,
				8AFCA0801FFAA87F005DEC95 /* DetailsViewController.swift */,
				8AFCA0761FF92104005DEC95 /* TableViewMemesViewController.swift */,
				8AFCA0781FF95BE4005DEC95 /* CollectionViewController.swift */,
				8AC36BDB1FF9115F0023C336 /* TabBarViewController.swift */,
				8AFCA07C1FF9708E005DEC95 /* Cell.swift */,
				8A8A13FF1FE690E100BC1213 /* Assets.xcassets */,
				8A8A14011FE690E100BC1213 /* LaunchScreen.storyboard */,
				8A8A14041FE690E100BC1213 /* Info.plist */,
			);
			path = memeGenerator;
			sourceTree = "<group>";
		};
/* End PBXGroup section */

/* Begin PBXNativeTarget section */
		8A8A13F41FE690E100BC1213 /* memeGenerator */ = {
			isa = PBXNativeTarget;
			buildConfigurationList = 8A8A14071FE690E100BC1213 /* Build configuration list for PBXNativeTarget "memeGenerator" */;
			buildPhases = (
				8A8A13F11FE690E100BC1213 /* Sources */,
				8A8A13F21FE690E100BC1213 /* Frameworks */,
				8A8A13F31FE690E100BC1213 /* Resources */,
			);
			buildRules = (
			);
			dependencies = (
			);
			name = memeGenerator;
			productName = memeGenerator;
			productReference = 8A8A13F51FE690E100BC1213 /* memeGenerator.app */;
			productType = "com.apple.product-type.application";
		};
/* End PBXNativeTarget section */

/* Begin PBXProject section */
		8A8A13ED1FE690E100BC1213 /* Project object */ = {
			isa = PBXProject;
			attributes = {
				LastSwiftUpdateCheck = 0920;
				LastUpgradeCheck = 0920;
				ORGANIZATIONNAME = "Andrew Tuzson";
				TargetAttributes = {
					8A8A13F41FE690E100BC1213 = {
						CreatedOnToolsVersion = 9.2;
						ProvisioningStyle = Automatic;
					};
				};
			};
			buildConfigurationList = 8A8A13F01FE690E100BC1213 /* Build configuration list for PBXProject "memeGenerator" */;
			compatibilityVersion = "Xcode 8.0";
			developmentRegion = en;
			hasScannedForEncodings = 0;
			knownRegions = (
				en,
				Base,
			);
			mainGroup = 8A8A13EC1FE690E100BC1213;
			productRefGroup = 8A8A13F61FE690E100BC1213 /* Products */;
			projectDirPath = "";
			projectRoot = "";
			targets = (
				8A8A13F41FE690E100BC1213 /* memeGenerator */,
			);
		};
/* End PBXProject section */

/* Begin PBXResourcesBuildPhase section */
		8A8A13F31FE690E100BC1213 /* Resources */ = {
			isa = PBXResourcesBuildPhase;
			buildActionMask = 2147483647;
			files = (
				8A8A14031FE690E100BC1213 /* LaunchScreen.storyboard in Resources */,
				8AFCA07F1FFAA852005DEC95 /* DetailsStoryboard.storyboard in Resources */,
				8AC36BDA1FF910DC0023C336 /* TabBarStoryboard.storyboard in Resources */,
				8A8A14001FE690E100BC1213 /* Assets.xcassets in Resources */,
				8A8A13FE1FE690E100BC1213 /* Main.storyboard in Resources */,
			);
			runOnlyForDeploymentPostprocessing = 0;
		};
/* End PBXResourcesBuildPhase section */

/* Begin PBXSourcesBuildPhase section */
		8A8A13F11FE690E100BC1213 /* Sources */ = {
			isa = PBXSourcesBuildPhase;
			buildActionMask = 2147483647;
			files = (
				8AFCA0791FF95BE4005DEC95 /* CollectionViewController.swift in Sources */,
				8AFCA07D1FF9708E005DEC95 /* Cell.swift in Sources */,
				8AFCA0771FF92104005DEC95 /* TableViewMemesViewController.swift in Sources */,
				8AC36BDC1FF9115F0023C336 /* TabBarViewController.swift in Sources */,
				8AF01CC01FE9289A0065559D /* MemeObject.swift in Sources */,
				8A8A13FB1FE690E100BC1213 /* ViewController.swift in Sources */,
				8A8A13F91FE690E100BC1213 /* AppDelegate.swift in Sources */,
				8AFCA0811FFAA87F005DEC95 /* DetailsViewController.swift in Sources */,
			);
			runOnlyForDeploymentPostprocessing = 0;
		};
/* End PBXSourcesBuildPhase section */

/* Begin PBXVariantGroup section */
		8A8A13FC1FE690E100BC1213 /* Main.storyboard */ = {
			isa = PBXVariantGroup;
			children = (
				8A8A13FD1FE690E100BC1213 /* Base */,
			);
			name = Main.storyboard;
			sourceTree = "<group>";
		};
		8A8A14011FE690E100BC1213 /* LaunchScreen.storyboard */ = {
			isa = PBXVariantGroup;
			children = (
				8A8A14021FE690E100BC1213 /* Base */,
			);
			name = LaunchScreen.storyboard;
			sourceTree = "<group>";
		};
/* End PBXVariantGroup section */

/* Begin XCBuildConfiguration section */
		8A8A14051FE690E100BC1213 /* Debug */ = {
			isa = XCBuildConfiguration;
			buildSettings = {
				ALWAYS_SEARCH_USER_PATHS = NO;
				CLANG_ANALYZER_NONNULL = YES;
				CLANG_ANALYZER_NUMBER_OBJECT_CONVERSION = YES_AGGRESSIVE;
				CLANG_CXX_LANGUAGE_STANDARD = "gnu++14";
				CLANG_CXX_LIBRARY = "libc++";
				CLANG_ENABLE_MODULES = YES;
				CLANG_ENABLE_OBJC_ARC = YES;
				CLANG_WARN_BLOCK_CAPTURE_AUTORELEASING = YES;
				CLANG_WARN_BOOL_CONVERSION = YES;
				CLANG_WARN_COMMA = YES;
				CLANG_WARN_CONSTANT_CONVERSION = YES;
				CLANG_WARN_DIRECT_OBJC_ISA_USAGE = YES_ERROR;
				CLANG_WARN_DOCUMENTATION_COMMENTS = YES;
				CLANG_WARN_EMPTY_BODY = YES;
				CLANG_WARN_ENUM_CONVERSION = YES;
				CLANG_WARN_INFINITE_RECURSION = YES;
				CLANG_WARN_INT_CONVERSION = YES;
				CLANG_WARN_NON_LITERAL_NULL_CONVERSION = YES;
				CLANG_WARN_OBJC_LITERAL_CONVERSION = YES;
				CLANG_WARN_OBJC_ROOT_CLASS = YES_ERROR;
				CLANG_WARN_RANGE_LOOP_ANALYSIS = YES;
				CLANG_WARN_STRICT_PROTOTYPES = YES;
				CLANG_WARN_SUSPICIOUS_MOVE = YES;
				CLANG_WARN_UNGUARDED_AVAILABILITY = YES_AGGRESSIVE;
				CLANG_WARN_UNREACHABLE_CODE = YES;
				CLANG_WARN__DUPLICATE_METHOD_MATCH = YES;
				CODE_SIGN_IDENTITY = "iPhone Developer";
				COPY_PHASE_STRIP = NO;
				DEBUG_INFORMATION_FORMAT = dwarf;
				ENABLE_STRICT_OBJC_MSGSEND = YES;
				ENABLE_TESTABILITY = YES;
				GCC_C_LANGUAGE_STANDARD = gnu11;
				GCC_DYNAMIC_NO_PIC = NO;
				GCC_NO_COMMON_BLOCKS = YES;
				GCC_OPTIMIZATION_LEVEL = 0;
				GCC_PREPROCESSOR_DEFINITIONS = (
					"DEBUG=1",
					"$(inherited)",
				);
				GCC_WARN_64_TO_32_BIT_CONVERSION = YES;
				GCC_WARN_ABOUT_RETURN_TYPE = YES_ERROR;
				GCC_WARN_UNDECLARED_SELECTOR = YES;
				GCC_WARN_UNINITIALIZED_AUTOS = YES_AGGRESSIVE;
				GCC_WARN_UNUSED_FUNCTION = YES;
				GCC_WARN_UNUSED_VARIABLE = YES;
				IPHONEOS_DEPLOYMENT_TARGET = 11.2;
				MTL_ENABLE_DEBUG_INFO = YES;
				ONLY_ACTIVE_ARCH = YES;
				SDKROOT = iphoneos;
				SWIFT_ACTIVE_COMPILATION_CONDITIONS = DEBUG;
				SWIFT_OPTIMIZATION_LEVEL = "-Onone";
			};
			name = Debug;
		};
		8A8A14061FE690E100BC1213 /* Release */ = {
			isa = XCBuildConfiguration;
			buildSettings = {
				ALWAYS_SEARCH_USER_PATHS = NO;
				CLANG_ANALYZER_NONNULL = YES;
				CLANG_ANALYZER_NUMBER_OBJECT_CONVERSION = YES_AGGRESSIVE;
				CLANG_CXX_LANGUAGE_STANDARD = "gnu++14";
				CLANG_CXX_LIBRARY = "libc++";
				CLANG_ENABLE_MODULES = YES;
				CLANG_ENABLE_OBJC_ARC = YES;
				CLANG_WARN_BLOCK_CAPTURE_AUTORELEASING = YES;
				CLANG_WARN_BOOL_CONVERSION = YES;
				CLANG_WARN_COMMA = YES;
				CLANG_WARN_CONSTANT_CONVERSION = YES;
				CLANG_WARN_DIRECT_OBJC_ISA_USAGE = YES_ERROR;
				CLANG_WARN_DOCUMENTATION_COMMENTS = YES;
				CLANG_WARN_EMPTY_BODY = YES;
				CLANG_WARN_ENUM_CONVERSION = YES;
				CLANG_WARN_INFINITE_RECURSION = YES;
				CLANG_WARN_INT_CONVERSION = YES;
				CLANG_WARN_NON_LITERAL_NULL_CONVERSION = YES;
				CLANG_WARN_OBJC_LITERAL_CONVERSION = YES;
				CLANG_WARN_OBJC_ROOT_CLASS = YES_ERROR;
				CLANG_WARN_RANGE_LOOP_ANALYSIS = YES;
				CLANG_WARN_STRICT_PROTOTYPES = YES;
				CLANG_WARN_SUSPICIOUS_MOVE = YES;
				CLANG_WARN_UNGUARDED_AVAILABILITY = YES_AGGRESSIVE;
				CLANG_WARN_UNREACHABLE_CODE = YES;
				CLANG_WARN__DUPLICATE_METHOD_MATCH = YES;
				CODE_SIGN_IDENTITY = "iPhone Developer";
				COPY_PHASE_STRIP = NO;
				DEBUG_INFORMATION_FORMAT = "dwarf-with-dsym";
				ENABLE_NS_ASSERTIONS = NO;
				ENABLE_STRICT_OBJC_MSGSEND = YES;
				GCC_C_LANGUAGE_STANDARD = gnu11;
				GCC_NO_COMMON_BLOCKS = YES;
				GCC_WARN_64_TO_32_BIT_CONVERSION = YES;
				GCC_WARN_ABOUT_RETURN_TYPE = YES_ERROR;
				GCC_WARN_UNDECLARED_SELECTOR = YES;
				GCC_WARN_UNINITIALIZED_AUTOS = YES_AGGRESSIVE;
				GCC_WARN_UNUSED_FUNCTION = YES;
				GCC_WARN_UNUSED_VARIABLE = YES;
				IPHONEOS_DEPLOYMENT_TARGET = 11.2;
				MTL_ENABLE_DEBUG_INFO = NO;
				SDKROOT = iphoneos;
				SWIFT_OPTIMIZATION_LEVEL = "-Owholemodule";
				VALIDATE_PRODUCT = YES;
			};
			name = Release;
		};
		8A8A14081FE690E100BC1213 /* Debug */ = {
			isa = XCBuildConfiguration;
			buildSettings = {
				ASSETCATALOG_COMPILER_APPICON_NAME = AppIcon;
				CODE_SIGN_STYLE = Automatic;
				DEVELOPMENT_TEAM = E4FZ766L9H;
				INFOPLIST_FILE = memeGenerator/Info.plist;
				IPHONEOS_DEPLOYMENT_TARGET = 10.1;
				LD_RUNPATH_SEARCH_PATHS = "$(inherited) @executable_path/Frameworks";
				PRODUCT_BUNDLE_IDENTIFIER = com.evolempirecreative.memeGenerator;
				PRODUCT_NAME = "$(TARGET_NAME)";
				SWIFT_VERSION = 4.0;
				TARGETED_DEVICE_FAMILY = "1,2";
			};
			name = Debug;
		};
		8A8A14091FE690E100BC1213 /* Release */ = {
			isa = XCBuildConfiguration;
			buildSettings = {
				ASSETCATALOG_COMPILER_APPICON_NAME = AppIcon;
				CODE_SIGN_STYLE = Automatic;
				DEVELOPMENT_TEAM = E4FZ766L9H;
				INFOPLIST_FILE = memeGenerator/Info.plist;
				IPHONEOS_DEPLOYMENT_TARGET = 10.1;
				LD_RUNPATH_SEARCH_PATHS = "$(inherited) @executable_path/Frameworks";
				PRODUCT_BUNDLE_IDENTIFIER = com.evolempirecreative.memeGenerator;
				PRODUCT_NAME = "$(TARGET_NAME)";
				SWIFT_VERSION = 4.0;
				TARGETED_DEVICE_FAMILY = "1,2";
			};
			name = Release;
		};
/* End XCBuildConfiguration section */

/* Begin XCConfigurationList section */
		8A8A13F01FE690E100BC1213 /* Build configuration list for PBXProject "memeGenerator" */ = {
			isa = XCConfigurationList;
			buildConfigurations = (
				8A8A14051FE690E100BC1213 /* Debug */,
				8A8A14061FE690E100BC1213 /* Release */,
			);
			defaultConfigurationIsVisible = 0;
			defaultConfigurationName = Release;
		};
		8A8A14071FE690E100BC1213 /* Build configuration list for PBXNativeTarget "memeGenerator" */ = {
			isa = XCConfigurationList;
			buildConfigurations = (
				8A8A14081FE690E100BC1213 /* Debug */,
				8A8A14091FE690E100BC1213 /* Release */,
			);
			defaultConfigurationIsVisible = 0;
			defaultConfigurationName = Release;
		};
/* End XCConfigurationList section */
	};
	rootObject = 8A8A13ED1FE690E100BC1213 /* Project object */;
}
